// !$*UTF8*$!
{
	archiveVersion = 1;
	classes = {
	};
	objectVersion = 48;
	objects = {

/* Begin PBXBuildFile section */
		16C7F31AE3CFA7D4F559E600 /* Pods_HttpEngine.framework in Frameworks */ = {isa = PBXBuildFile; fileRef = CFE7D8F1C1205DA2A71EB2FE /* Pods_HttpEngine.framework */; };
		8F4F858D20049F5A00FB362B /* NetWorkLine.swift in Sources */ = {isa = PBXBuildFile; fileRef = 8F4F858C20049F5A00FB362B /* NetWorkLine.swift */; };
		8F4F858F2004A52000FB362B /* NetConfigration.swift in Sources */ = {isa = PBXBuildFile; fileRef = 8F4F858E2004A52000FB362B /* NetConfigration.swift */; };
		8F62E1161FFCAEBD0076D194 /* ResponseProtocol.swift in Sources */ = {isa = PBXBuildFile; fileRef = 8F62E1151FFCAEBD0076D194 /* ResponseProtocol.swift */; };
		8F62E11A1FFCB3AB0076D194 /* ExampleRequestBean.swift in Sources */ = {isa = PBXBuildFile; fileRef = 8F62E1181FFCB3AB0076D194 /* ExampleRequestBean.swift */; };
		8F62E11B1FFCB3AB0076D194 /* ExampleResponseBean.swift in Sources */ = {isa = PBXBuildFile; fileRef = 8F62E1191FFCB3AB0076D194 /* ExampleResponseBean.swift */; };
		8F62E11D1FFCBBAF0076D194 /* NetHelper.swift in Sources */ = {isa = PBXBuildFile; fileRef = 8F62E11C1FFCBBAF0076D194 /* NetHelper.swift */; };
		8F7E3C572005F01B00BBF1AE /* ExampleHelper.swift in Sources */ = {isa = PBXBuildFile; fileRef = 8F7E3C562005F01B00BBF1AE /* ExampleHelper.swift */; };
		8FFEBBDD1FEB95580064DBA8 /* AppDelegate.swift in Sources */ = {isa = PBXBuildFile; fileRef = 8FFEBBDC1FEB95580064DBA8 /* AppDelegate.swift */; };
		8FFEBBDF1FEB95580064DBA8 /* ViewController.swift in Sources */ = {isa = PBXBuildFile; fileRef = 8FFEBBDE1FEB95580064DBA8 /* ViewController.swift */; };
		8FFEBBE21FEB95580064DBA8 /* Main.storyboard in Resources */ = {isa = PBXBuildFile; fileRef = 8FFEBBE01FEB95580064DBA8 /* Main.storyboard */; };
		8FFEBBE41FEB95580064DBA8 /* Assets.xcassets in Resources */ = {isa = PBXBuildFile; fileRef = 8FFEBBE31FEB95580064DBA8 /* Assets.xcassets */; };
		8FFEBBE71FEB95590064DBA8 /* LaunchScreen.storyboard in Resources */ = {isa = PBXBuildFile; fileRef = 8FFEBBE51FEB95590064DBA8 /* LaunchScreen.storyboard */; };
		8FFEBBF21FEB95590064DBA8 /* HttpEngineTests.swift in Sources */ = {isa = PBXBuildFile; fileRef = 8FFEBBF11FEB95590064DBA8 /* HttpEngineTests.swift */; };
		8FFEBBFD1FEB95590064DBA8 /* HttpEngineUITests.swift in Sources */ = {isa = PBXBuildFile; fileRef = 8FFEBBFC1FEB95590064DBA8 /* HttpEngineUITests.swift */; };
		8FFEBC0E1FEB96230064DBA8 /* RequestProtocol.swift in Sources */ = {isa = PBXBuildFile; fileRef = 8FFEBC0D1FEB96230064DBA8 /* RequestProtocol.swift */; };
		8FFEBC111FEB989C0064DBA8 /* ErrorBean.swift in Sources */ = {isa = PBXBuildFile; fileRef = 8FFEBC101FEB989C0064DBA8 /* ErrorBean.swift */; };
		8FFEBC171FEB9E000064DBA8 /* AlamofireSimple.swift in Sources */ = {isa = PBXBuildFile; fileRef = 8FFEBC151FEB9E000064DBA8 /* AlamofireSimple.swift */; };
		8FFEBC181FEB9E000064DBA8 /* HttpProtocol.swift in Sources */ = {isa = PBXBuildFile; fileRef = 8FFEBC161FEB9E000064DBA8 /* HttpProtocol.swift */; };
		8FFEBC1A1FEBA3D60064DBA8 /* HttpEngine.swift in Sources */ = {isa = PBXBuildFile; fileRef = 8FFEBC191FEBA3D60064DBA8 /* HttpEngine.swift */; };
		8FFEBC1C1FEBA8A20064DBA8 /* Handle.swift in Sources */ = {isa = PBXBuildFile; fileRef = 8FFEBC1B1FEBA8A20064DBA8 /* Handle.swift */; };
		8FFEBC201FEBAD280064DBA8 /* NetworkEngine.swift in Sources */ = {isa = PBXBuildFile; fileRef = 8FFEBC1F1FEBAD280064DBA8 /* NetworkEngine.swift */; };
/* End PBXBuildFile section */

/* Begin PBXContainerItemProxy section */
		8FFEBBEE1FEB95590064DBA8 /* PBXContainerItemProxy */ = {
			isa = PBXContainerItemProxy;
			containerPortal = 8FFEBBD11FEB95580064DBA8 /* Project object */;
			proxyType = 1;
			remoteGlobalIDString = 8FFEBBD81FEB95580064DBA8;
			remoteInfo = HttpEngine;
		};
		8FFEBBF91FEB95590064DBA8 /* PBXContainerItemProxy */ = {
			isa = PBXContainerItemProxy;
			containerPortal = 8FFEBBD11FEB95580064DBA8 /* Project object */;
			proxyType = 1;
			remoteGlobalIDString = 8FFEBBD81FEB95580064DBA8;
			remoteInfo = HttpEngine;
		};
/* End PBXContainerItemProxy section */

/* Begin PBXCopyFilesBuildPhase section */
		8FEA6C271FFCEEA5001B5C52 /* Embed Frameworks */ = {
			isa = PBXCopyFilesBuildPhase;
			buildActionMask = 2147483647;
			dstPath = "";
			dstSubfolderSpec = 10;
			files = (
			);
			name = "Embed Frameworks";
			runOnlyForDeploymentPostprocessing = 0;
		};
/* End PBXCopyFilesBuildPhase section */

/* Begin PBXFileReference section */
		8A0B1F3560FE68CACDD9B9F2 /* Pods-HttpEngine.release.xcconfig */ = {isa = PBXFileReference; includeInIndex = 1; lastKnownFileType = text.xcconfig; name = "Pods-HttpEngine.release.xcconfig"; path = "Pods/Target Support Files/Pods-HttpEngine/Pods-HttpEngine.release.xcconfig"; sourceTree = "<group>"; };
		8CC3AFBCEE08B9D8BE09E74D /* Pods-HttpEngine.debug.xcconfig */ = {isa = PBXFileReference; includeInIndex = 1; lastKnownFileType = text.xcconfig; name = "Pods-HttpEngine.debug.xcconfig"; path = "Pods/Target Support Files/Pods-HttpEngine/Pods-HttpEngine.debug.xcconfig"; sourceTree = "<group>"; };
		8F4F858C20049F5A00FB362B /* NetWorkLine.swift */ = {isa = PBXFileReference; lastKnownFileType = sourcecode.swift; path = NetWorkLine.swift; sourceTree = "<group>"; };
		8F4F858E2004A52000FB362B /* NetConfigration.swift */ = {isa = PBXFileReference; lastKnownFileType = sourcecode.swift; path = NetConfigration.swift; sourceTree = "<group>"; };
		8F62E1151FFCAEBD0076D194 /* ResponseProtocol.swift */ = {isa = PBXFileReference; lastKnownFileType = sourcecode.swift; path = ResponseProtocol.swift; sourceTree = "<group>"; };
		8F62E1181FFCB3AB0076D194 /* ExampleRequestBean.swift */ = {isa = PBXFileReference; fileEncoding = 4; lastKnownFileType = sourcecode.swift; path = ExampleRequestBean.swift; sourceTree = "<group>"; };
		8F62E1191FFCB3AB0076D194 /* ExampleResponseBean.swift */ = {isa = PBXFileReference; fileEncoding = 4; lastKnownFileType = sourcecode.swift; path = ExampleResponseBean.swift; sourceTree = "<group>"; };
		8F62E11C1FFCBBAF0076D194 /* NetHelper.swift */ = {isa = PBXFileReference; lastKnownFileType = sourcecode.swift; path = NetHelper.swift; sourceTree = "<group>"; };
		8F7E3C562005F01B00BBF1AE /* ExampleHelper.swift */ = {isa = PBXFileReference; lastKnownFileType = sourcecode.swift; path = ExampleHelper.swift; sourceTree = "<group>"; };
		8FFEBBD91FEB95580064DBA8 /* HttpEngine.app */ = {isa = PBXFileReference; explicitFileType = wrapper.application; includeInIndex = 0; path = HttpEngine.app; sourceTree = BUILT_PRODUCTS_DIR; };
		8FFEBBDC1FEB95580064DBA8 /* AppDelegate.swift */ = {isa = PBXFileReference; lastKnownFileType = sourcecode.swift; path = AppDelegate.swift; sourceTree = "<group>"; };
		8FFEBBDE1FEB95580064DBA8 /* ViewController.swift */ = {isa = PBXFileReference; lastKnownFileType = sourcecode.swift; path = ViewController.swift; sourceTree = "<group>"; };
		8FFEBBE11FEB95580064DBA8 /* Base */ = {isa = PBXFileReference; lastKnownFileType = file.storyboard; name = Base; path = Base.lproj/Main.storyboard; sourceTree = "<group>"; };
		8FFEBBE31FEB95580064DBA8 /* Assets.xcassets */ = {isa = PBXFileReference; lastKnownFileType = folder.assetcatalog; path = Assets.xcassets; sourceTree = "<group>"; };
		8FFEBBE61FEB95590064DBA8 /* Base */ = {isa = PBXFileReference; lastKnownFileType = file.storyboard; name = Base; path = Base.lproj/LaunchScreen.storyboard; sourceTree = "<group>"; };
		8FFEBBE81FEB95590064DBA8 /* Info.plist */ = {isa = PBXFileReference; lastKnownFileType = text.plist.xml; path = Info.plist; sourceTree = "<group>"; };
		8FFEBBED1FEB95590064DBA8 /* HttpEngineTests.xctest */ = {isa = PBXFileReference; explicitFileType = wrapper.cfbundle; includeInIndex = 0; path = HttpEngineTests.xctest; sourceTree = BUILT_PRODUCTS_DIR; };
		8FFEBBF11FEB95590064DBA8 /* HttpEngineTests.swift */ = {isa = PBXFileReference; lastKnownFileType = sourcecode.swift; path = HttpEngineTests.swift; sourceTree = "<group>"; };
		8FFEBBF31FEB95590064DBA8 /* Info.plist */ = {isa = PBXFileReference; lastKnownFileType = text.plist.xml; path = Info.plist; sourceTree = "<group>"; };
		8FFEBBF81FEB95590064DBA8 /* HttpEngineUITests.xctest */ = {isa = PBXFileReference; explicitFileType = wrapper.cfbundle; includeInIndex = 0; path = HttpEngineUITests.xctest; sourceTree = BUILT_PRODUCTS_DIR; };
		8FFEBBFC1FEB95590064DBA8 /* HttpEngineUITests.swift */ = {isa = PBXFileReference; lastKnownFileType = sourcecode.swift; path = HttpEngineUITests.swift; sourceTree = "<group>"; };
		8FFEBBFE1FEB95590064DBA8 /* Info.plist */ = {isa = PBXFileReference; lastKnownFileType = text.plist.xml; path = Info.plist; sourceTree = "<group>"; };
		8FFEBC0D1FEB96230064DBA8 /* RequestProtocol.swift */ = {isa = PBXFileReference; lastKnownFileType = sourcecode.swift; path = RequestProtocol.swift; sourceTree = "<group>"; };
		8FFEBC101FEB989C0064DBA8 /* ErrorBean.swift */ = {isa = PBXFileReference; lastKnownFileType = sourcecode.swift; path = ErrorBean.swift; sourceTree = "<group>"; };
		8FFEBC151FEB9E000064DBA8 /* AlamofireSimple.swift */ = {isa = PBXFileReference; fileEncoding = 4; lastKnownFileType = sourcecode.swift; path = AlamofireSimple.swift; sourceTree = "<group>"; };
		8FFEBC161FEB9E000064DBA8 /* HttpProtocol.swift */ = {isa = PBXFileReference; fileEncoding = 4; lastKnownFileType = sourcecode.swift; path = HttpProtocol.swift; sourceTree = "<group>"; };
		8FFEBC191FEBA3D60064DBA8 /* HttpEngine.swift */ = {isa = PBXFileReference; lastKnownFileType = sourcecode.swift; path = HttpEngine.swift; sourceTree = "<group>"; };
		8FFEBC1B1FEBA8A20064DBA8 /* Handle.swift */ = {isa = PBXFileReference; fileEncoding = 4; lastKnownFileType = sourcecode.swift; path = Handle.swift; sourceTree = "<group>"; };
		8FFEBC1F1FEBAD280064DBA8 /* NetworkEngine.swift */ = {isa = PBXFileReference; lastKnownFileType = sourcecode.swift; path = NetworkEngine.swift; sourceTree = "<group>"; };
		CFE7D8F1C1205DA2A71EB2FE /* Pods_HttpEngine.framework */ = {isa = PBXFileReference; explicitFileType = wrapper.framework; includeInIndex = 0; path = Pods_HttpEngine.framework; sourceTree = BUILT_PRODUCTS_DIR; };
/* End PBXFileReference section */

/* Begin PBXFrameworksBuildPhase section */
		8FFEBBD61FEB95580064DBA8 /* Frameworks */ = {
			isa = PBXFrameworksBuildPhase;
			buildActionMask = 2147483647;
			files = (
				16C7F31AE3CFA7D4F559E600 /* Pods_HttpEngine.framework in Frameworks */,
			);
			runOnlyForDeploymentPostprocessing = 0;
		};
		8FFEBBEA1FEB95590064DBA8 /* Frameworks */ = {
			isa = PBXFrameworksBuildPhase;
			buildActionMask = 2147483647;
			files = (
			);
			runOnlyForDeploymentPostprocessing = 0;
		};
		8FFEBBF51FEB95590064DBA8 /* Frameworks */ = {
			isa = PBXFrameworksBuildPhase;
			buildActionMask = 2147483647;
			files = (
			);
			runOnlyForDeploymentPostprocessing = 0;
		};
/* End PBXFrameworksBuildPhase section */

/* Begin PBXGroup section */
		16565B874473E8704A26D6DC /* Pods */ = {
			isa = PBXGroup;
			children = (
				8CC3AFBCEE08B9D8BE09E74D /* Pods-HttpEngine.debug.xcconfig */,
				8A0B1F3560FE68CACDD9B9F2 /* Pods-HttpEngine.release.xcconfig */,
			);
			name = Pods;
			sourceTree = "<group>";
		};
		8F4F858B20049F4C00FB362B /* Configration */ = {
			isa = PBXGroup;
			children = (
				8F4F858C20049F5A00FB362B /* NetWorkLine.swift */,
				8F62E11C1FFCBBAF0076D194 /* NetHelper.swift */,
			);
			path = Configration;
			sourceTree = "<group>";
		};
		8F7E3C552005EFFB00BBF1AE /* Test */ = {
			isa = PBXGroup;
			children = (
				8F7E3C562005F01B00BBF1AE /* ExampleHelper.swift */,
				8F4F858E2004A52000FB362B /* NetConfigration.swift */,
				8F62E1181FFCB3AB0076D194 /* ExampleRequestBean.swift */,
				8F62E1191FFCB3AB0076D194 /* ExampleResponseBean.swift */,
			);
			path = Test;
			sourceTree = "<group>";
		};
		8FFEBBD01FEB95580064DBA8 = {
			isa = PBXGroup;
			children = (
				8FFEBBDB1FEB95580064DBA8 /* HttpEngine */,
				8FFEBBF01FEB95590064DBA8 /* HttpEngineTests */,
				8FFEBBFB1FEB95590064DBA8 /* HttpEngineUITests */,
				8FFEBBDA1FEB95580064DBA8 /* Products */,
				16565B874473E8704A26D6DC /* Pods */,
				FCDDEFA554BA2FDC907EDCD7 /* Frameworks */,
			);
			sourceTree = "<group>";
		};
		8FFEBBDA1FEB95580064DBA8 /* Products */ = {
			isa = PBXGroup;
			children = (
				8FFEBBD91FEB95580064DBA8 /* HttpEngine.app */,
				8FFEBBED1FEB95590064DBA8 /* HttpEngineTests.xctest */,
				8FFEBBF81FEB95590064DBA8 /* HttpEngineUITests.xctest */,
			);
			name = Products;
			sourceTree = "<group>";
		};
		8FFEBBDB1FEB95580064DBA8 /* HttpEngine */ = {
			isa = PBXGroup;
			children = (
				8F7E3C552005EFFB00BBF1AE /* Test */,
				8FFEBC0A1FEB959F0064DBA8 /* NetWorkEngine */,
				8FFEBBDC1FEB95580064DBA8 /* AppDelegate.swift */,
				8FFEBBDE1FEB95580064DBA8 /* ViewController.swift */,
				8FFEBBE01FEB95580064DBA8 /* Main.storyboard */,
				8FFEBBE31FEB95580064DBA8 /* Assets.xcassets */,
				8FFEBBE51FEB95590064DBA8 /* LaunchScreen.storyboard */,
				8FFEBBE81FEB95590064DBA8 /* Info.plist */,
			);
			path = HttpEngine;
			sourceTree = "<group>";
		};
		8FFEBBF01FEB95590064DBA8 /* HttpEngineTests */ = {
			isa = PBXGroup;
			children = (
				8FFEBBF11FEB95590064DBA8 /* HttpEngineTests.swift */,
				8FFEBBF31FEB95590064DBA8 /* Info.plist */,
			);
			path = HttpEngineTests;
			sourceTree = "<group>";
		};
		8FFEBBFB1FEB95590064DBA8 /* HttpEngineUITests */ = {
			isa = PBXGroup;
			children = (
				8FFEBBFC1FEB95590064DBA8 /* HttpEngineUITests.swift */,
				8FFEBBFE1FEB95590064DBA8 /* Info.plist */,
			);
			path = HttpEngineUITests;
			sourceTree = "<group>";
		};
		8FFEBC0A1FEB959F0064DBA8 /* NetWorkEngine */ = {
			isa = PBXGroup;
			children = (
				8F4F858B20049F4C00FB362B /* Configration */,
				8FFEBC141FEB9E000064DBA8 /* Network */,
				8FFEBC0F1FEB988A0064DBA8 /* Tools */,
				8FFEBC0C1FEB95DA0064DBA8 /* Bean */,
				8FFEBC191FEBA3D60064DBA8 /* HttpEngine.swift */,
			);
			path = NetWorkEngine;
			sourceTree = "<group>";
		};
		8FFEBC0C1FEB95DA0064DBA8 /* Bean */ = {
			isa = PBXGroup;
			children = (
				8FFEBC0D1FEB96230064DBA8 /* RequestProtocol.swift */,
				8F62E1151FFCAEBD0076D194 /* ResponseProtocol.swift */,
			);
			path = Bean;
			sourceTree = "<group>";
		};
		8FFEBC0F1FEB988A0064DBA8 /* Tools */ = {
			isa = PBXGroup;
			children = (
				8FFEBC1B1FEBA8A20064DBA8 /* Handle.swift */,
				8FFEBC101FEB989C0064DBA8 /* ErrorBean.swift */,
			);
			path = Tools;
			sourceTree = "<group>";
		};
		8FFEBC141FEB9E000064DBA8 /* Network */ = {
			isa = PBXGroup;
			children = (
				8FFEBC161FEB9E000064DBA8 /* HttpProtocol.swift */,
				8FFEBC1F1FEBAD280064DBA8 /* NetworkEngine.swift */,
				8FFEBC151FEB9E000064DBA8 /* AlamofireSimple.swift */,
			);
			path = Network;
			sourceTree = "<group>";
		};
		FCDDEFA554BA2FDC907EDCD7 /* Frameworks */ = {
			isa = PBXGroup;
			children = (
				CFE7D8F1C1205DA2A71EB2FE /* Pods_HttpEngine.framework */,
			);
			name = Frameworks;
			sourceTree = "<group>";
		};
/* End PBXGroup section */

/* Begin PBXNativeTarget section */
		8FFEBBD81FEB95580064DBA8 /* HttpEngine */ = {
			isa = PBXNativeTarget;
			buildConfigurationList = 8FFEBC011FEB95590064DBA8 /* Build configuration list for PBXNativeTarget "HttpEngine" */;
			buildPhases = (
				3520B028E9D4DB7696D15A77 /* [CP] Check Pods Manifest.lock */,
				8FFEBBD51FEB95580064DBA8 /* Sources */,
				8FFEBBD61FEB95580064DBA8 /* Frameworks */,
				8FFEBBD71FEB95580064DBA8 /* Resources */,
				E57DF26A660C6D7071C4DEDE /* [CP] Embed Pods Frameworks */,
				6D0D06E6293103EEDD269FE3 /* [CP] Copy Pods Resources */,
				8FEA6C271FFCEEA5001B5C52 /* Embed Frameworks */,
			);
			buildRules = (
			);
			dependencies = (
			);
			name = HttpEngine;
			productName = HttpEngine;
			productReference = 8FFEBBD91FEB95580064DBA8 /* HttpEngine.app */;
			productType = "com.apple.product-type.application";
		};
		8FFEBBEC1FEB95590064DBA8 /* HttpEngineTests */ = {
			isa = PBXNativeTarget;
			buildConfigurationList = 8FFEBC041FEB95590064DBA8 /* Build configuration list for PBXNativeTarget "HttpEngineTests" */;
			buildPhases = (
				8FFEBBE91FEB95590064DBA8 /* Sources */,
				8FFEBBEA1FEB95590064DBA8 /* Frameworks */,
				8FFEBBEB1FEB95590064DBA8 /* Resources */,
			);
			buildRules = (
			);
			dependencies = (
				8FFEBBEF1FEB95590064DBA8 /* PBXTargetDependency */,
			);
			name = HttpEngineTests;
			productName = HttpEngineTests;
			productReference = 8FFEBBED1FEB95590064DBA8 /* HttpEngineTests.xctest */;
			productType = "com.apple.product-type.bundle.unit-test";
		};
		8FFEBBF71FEB95590064DBA8 /* HttpEngineUITests */ = {
			isa = PBXNativeTarget;
			buildConfigurationList = 8FFEBC071FEB95590064DBA8 /* Build configuration list for PBXNativeTarget "HttpEngineUITests" */;
			buildPhases = (
				8FFEBBF41FEB95590064DBA8 /* Sources */,
				8FFEBBF51FEB95590064DBA8 /* Frameworks */,
				8FFEBBF61FEB95590064DBA8 /* Resources */,
			);
			buildRules = (
			);
			dependencies = (
				8FFEBBFA1FEB95590064DBA8 /* PBXTargetDependency */,
			);
			name = HttpEngineUITests;
			productName = HttpEngineUITests;
			productReference = 8FFEBBF81FEB95590064DBA8 /* HttpEngineUITests.xctest */;
			productType = "com.apple.product-type.bundle.ui-testing";
		};
/* End PBXNativeTarget section */

/* Begin PBXProject section */
		8FFEBBD11FEB95580064DBA8 /* Project object */ = {
			isa = PBXProject;
			attributes = {
				LastSwiftUpdateCheck = 0920;
				LastUpgradeCheck = 0920;
				ORGANIZATIONNAME = SSFBY;
				TargetAttributes = {
					8FFEBBD81FEB95580064DBA8 = {
						CreatedOnToolsVersion = 9.2;
						ProvisioningStyle = Automatic;
					};
					8FFEBBEC1FEB95590064DBA8 = {
						CreatedOnToolsVersion = 9.2;
						ProvisioningStyle = Automatic;
						TestTargetID = 8FFEBBD81FEB95580064DBA8;
					};
					8FFEBBF71FEB95590064DBA8 = {
						CreatedOnToolsVersion = 9.2;
						ProvisioningStyle = Automatic;
						TestTargetID = 8FFEBBD81FEB95580064DBA8;
					};
				};
			};
			buildConfigurationList = 8FFEBBD41FEB95580064DBA8 /* Build configuration list for PBXProject "HttpEngine" */;
			compatibilityVersion = "Xcode 8.0";
			developmentRegion = en;
			hasScannedForEncodings = 0;
			knownRegions = (
				en,
				Base,
			);
			mainGroup = 8FFEBBD01FEB95580064DBA8;
			productRefGroup = 8FFEBBDA1FEB95580064DBA8 /* Products */;
			projectDirPath = "";
			projectRoot = "";
			targets = (
				8FFEBBD81FEB95580064DBA8 /* HttpEngine */,
				8FFEBBEC1FEB95590064DBA8 /* HttpEngineTests */,
				8FFEBBF71FEB95590064DBA8 /* HttpEngineUITests */,
			);
		};
/* End PBXProject section */

/* Begin PBXResourcesBuildPhase section */
		8FFEBBD71FEB95580064DBA8 /* Resources */ = {
			isa = PBXResourcesBuildPhase;
			buildActionMask = 2147483647;
			files = (
				8FFEBBE71FEB95590064DBA8 /* LaunchScreen.storyboard in Resources */,
				8FFEBBE41FEB95580064DBA8 /* Assets.xcassets in Resources */,
				8FFEBBE21FEB95580064DBA8 /* Main.storyboard in Resources */,
			);
			runOnlyForDeploymentPostprocessing = 0;
		};
		8FFEBBEB1FEB95590064DBA8 /* Resources */ = {
			isa = PBXResourcesBuildPhase;
			buildActionMask = 2147483647;
			files = (
			);
			runOnlyForDeploymentPostprocessing = 0;
		};
		8FFEBBF61FEB95590064DBA8 /* Resources */ = {
			isa = PBXResourcesBuildPhase;
			buildActionMask = 2147483647;
			files = (
			);
			runOnlyForDeploymentPostprocessing = 0;
		};
/* End PBXResourcesBuildPhase section */

/* Begin PBXShellScriptBuildPhase section */
		3520B028E9D4DB7696D15A77 /* [CP] Check Pods Manifest.lock */ = {
			isa = PBXShellScriptBuildPhase;
			buildActionMask = 2147483647;
			files = (
			);
			inputPaths = (
				"${PODS_PODFILE_DIR_PATH}/Podfile.lock",
				"${PODS_ROOT}/Manifest.lock",
			);
			name = "[CP] Check Pods Manifest.lock";
			outputPaths = (
				"$(DERIVED_FILE_DIR)/Pods-HttpEngine-checkManifestLockResult.txt",
			);
			runOnlyForDeploymentPostprocessing = 0;
			shellPath = /bin/sh;
			shellScript = "diff \"${PODS_PODFILE_DIR_PATH}/Podfile.lock\" \"${PODS_ROOT}/Manifest.lock\" > /dev/null\nif [ $? != 0 ] ; then\n    # print error to STDERR\n    echo \"error: The sandbox is not in sync with the Podfile.lock. Run 'pod install' or update your CocoaPods installation.\" >&2\n    exit 1\nfi\n# This output is used by Xcode 'outputs' to avoid re-running this script phase.\necho \"SUCCESS\" > \"${SCRIPT_OUTPUT_FILE_0}\"\n";
			showEnvVarsInLog = 0;
		};
		6D0D06E6293103EEDD269FE3 /* [CP] Copy Pods Resources */ = {
			isa = PBXShellScriptBuildPhase;
			buildActionMask = 2147483647;
			files = (
			);
			inputPaths = (
			);
			name = "[CP] Copy Pods Resources";
			outputPaths = (
			);
			runOnlyForDeploymentPostprocessing = 0;
			shellPath = /bin/sh;
			shellScript = "\"${SRCROOT}/Pods/Target Support Files/Pods-HttpEngine/Pods-HttpEngine-resources.sh\"\n";
			showEnvVarsInLog = 0;
		};
		E57DF26A660C6D7071C4DEDE /* [CP] Embed Pods Frameworks */ = {
			isa = PBXShellScriptBuildPhase;
			buildActionMask = 2147483647;
			files = (
			);
			inputPaths = (
				"${SRCROOT}/Pods/Target Support Files/Pods-HttpEngine/Pods-HttpEngine-frameworks.sh",
				"${BUILT_PRODUCTS_DIR}/Alamofire/Alamofire.framework",
				"${BUILT_PRODUCTS_DIR}/ObjectMapper/ObjectMapper.framework",
			);
			name = "[CP] Embed Pods Frameworks";
			outputPaths = (
				"${TARGET_BUILD_DIR}/${FRAMEWORKS_FOLDER_PATH}/Alamofire.framework",
				"${TARGET_BUILD_DIR}/${FRAMEWORKS_FOLDER_PATH}/ObjectMapper.framework",
			);
			runOnlyForDeploymentPostprocessing = 0;
			shellPath = /bin/sh;
			shellScript = "\"${SRCROOT}/Pods/Target Support Files/Pods-HttpEngine/Pods-HttpEngine-frameworks.sh\"\n";
			showEnvVarsInLog = 0;
		};
/* End PBXShellScriptBuildPhase section */

/* Begin PBXSourcesBuildPhase section */
		8FFEBBD51FEB95580064DBA8 /* Sources */ = {
			isa = PBXSourcesBuildPhase;
			buildActionMask = 2147483647;
			files = (
				8FFEBC201FEBAD280064DBA8 /* NetworkEngine.swift in Sources */,
				8FFEBC181FEB9E000064DBA8 /* HttpProtocol.swift in Sources */,
				8FFEBC1A1FEBA3D60064DBA8 /* HttpEngine.swift in Sources */,
				8F62E11D1FFCBBAF0076D194 /* NetHelper.swift in Sources */,
				8FFEBC1C1FEBA8A20064DBA8 /* Handle.swift in Sources */,
				8F62E1161FFCAEBD0076D194 /* ResponseProtocol.swift in Sources */,
				8FFEBC111FEB989C0064DBA8 /* ErrorBean.swift in Sources */,
				8FFEBC0E1FEB96230064DBA8 /* RequestProtocol.swift in Sources */,
				8F62E11A1FFCB3AB0076D194 /* ExampleRequestBean.swift in Sources */,
				8FFEBBDF1FEB95580064DBA8 /* ViewController.swift in Sources */,
				8F4F858F2004A52000FB362B /* NetConfigration.swift in Sources */,
				8FFEBC171FEB9E000064DBA8 /* AlamofireSimple.swift in Sources */,
				8F4F858D20049F5A00FB362B /* NetWorkLine.swift in Sources */,
				8F7E3C572005F01B00BBF1AE /* ExampleHelper.swift in Sources */,
				8FFEBBDD1FEB95580064DBA8 /* AppDelegate.swift in Sources */,
				8F62E11B1FFCB3AB0076D194 /* ExampleResponseBean.swift in Sources */,
			);
			runOnlyForDeploymentPostprocessing = 0;
		};
		8FFEBBE91FEB95590064DBA8 /* Sources */ = {
			isa = PBXSourcesBuildPhase;
			buildActionMask = 2147483647;
			files = (
				8FFEBBF21FEB95590064DBA8 /* HttpEngineTests.swift in Sources */,
			);
			runOnlyForDeploymentPostprocessing = 0;
		};
		8FFEBBF41FEB95590064DBA8 /* Sources */ = {
			isa = PBXSourcesBuildPhase;
			buildActionMask = 2147483647;
			files = (
				8FFEBBFD1FEB95590064DBA8 /* HttpEngineUITests.swift in Sources */,
			);
			runOnlyForDeploymentPostprocessing = 0;
		};
/* End PBXSourcesBuildPhase section */

/* Begin PBXTargetDependency section */
		8FFEBBEF1FEB95590064DBA8 /* PBXTargetDependency */ = {
			isa = PBXTargetDependency;
			target = 8FFEBBD81FEB95580064DBA8 /* HttpEngine */;
			targetProxy = 8FFEBBEE1FEB95590064DBA8 /* PBXContainerItemProxy */;
		};
		8FFEBBFA1FEB95590064DBA8 /* PBXTargetDependency */ = {
			isa = PBXTargetDependency;
			target = 8FFEBBD81FEB95580064DBA8 /* HttpEngine */;
			targetProxy = 8FFEBBF91FEB95590064DBA8 /* PBXContainerItemProxy */;
		};
/* End PBXTargetDependency section */

/* Begin PBXVariantGroup section */
		8FFEBBE01FEB95580064DBA8 /* Main.storyboard */ = {
			isa = PBXVariantGroup;
			children = (
				8FFEBBE11FEB95580064DBA8 /* Base */,
			);
			name = Main.storyboard;
			sourceTree = "<group>";
		};
		8FFEBBE51FEB95590064DBA8 /* LaunchScreen.storyboard */ = {
			isa = PBXVariantGroup;
			children = (
				8FFEBBE61FEB95590064DBA8 /* Base */,
			);
			name = LaunchScreen.storyboard;
			sourceTree = "<group>";
		};
/* End PBXVariantGroup section */

/* Begin XCBuildConfiguration section */
		8FFEBBFF1FEB95590064DBA8 /* Debug */ = {
			isa = XCBuildConfiguration;
			buildSettings = {
				ALWAYS_SEARCH_USER_PATHS = NO;
				CLANG_ANALYZER_NONNULL = YES;
				CLANG_ANALYZER_NUMBER_OBJECT_CONVERSION = YES_AGGRESSIVE;
				CLANG_CXX_LANGUAGE_STANDARD = "gnu++14";
				CLANG_CXX_LIBRARY = "libc++";
				CLANG_ENABLE_MODULES = YES;
				CLANG_ENABLE_OBJC_ARC = YES;
				CLANG_WARN_BLOCK_CAPTURE_AUTORELEASING = YES;
				CLANG_WARN_BOOL_CONVERSION = YES;
				CLANG_WARN_COMMA = YES;
				CLANG_WARN_CONSTANT_CONVERSION = YES;
				CLANG_WARN_DIRECT_OBJC_ISA_USAGE = YES_ERROR;
				CLANG_WARN_DOCUMENTATION_COMMENTS = YES;
				CLANG_WARN_EMPTY_BODY = YES;
				CLANG_WARN_ENUM_CONVERSION = YES;
				CLANG_WARN_INFINITE_RECURSION = YES;
				CLANG_WARN_INT_CONVERSION = YES;
				CLANG_WARN_NON_LITERAL_NULL_CONVERSION = YES;
				CLANG_WARN_OBJC_LITERAL_CONVERSION = YES;
				CLANG_WARN_OBJC_ROOT_CLASS = YES_ERROR;
				CLANG_WARN_RANGE_LOOP_ANALYSIS = YES;
				CLANG_WARN_STRICT_PROTOTYPES = YES;
				CLANG_WARN_SUSPICIOUS_MOVE = YES;
				CLANG_WARN_UNGUARDED_AVAILABILITY = YES_AGGRESSIVE;
				CLANG_WARN_UNREACHABLE_CODE = YES;
				CLANG_WARN__DUPLICATE_METHOD_MATCH = YES;
				CODE_SIGN_IDENTITY = "iPhone Developer";
				COPY_PHASE_STRIP = NO;
				DEBUG_INFORMATION_FORMAT = dwarf;
				ENABLE_STRICT_OBJC_MSGSEND = YES;
				ENABLE_TESTABILITY = YES;
				GCC_C_LANGUAGE_STANDARD = gnu11;
				GCC_DYNAMIC_NO_PIC = NO;
				GCC_NO_COMMON_BLOCKS = YES;
				GCC_OPTIMIZATION_LEVEL = 0;
				GCC_PREPROCESSOR_DEFINITIONS = (
					"DEBUG=1",
					"$(inherited)",
				);
				GCC_WARN_64_TO_32_BIT_CONVERSION = YES;
				GCC_WARN_ABOUT_RETURN_TYPE = YES_ERROR;
				GCC_WARN_UNDECLARED_SELECTOR = YES;
				GCC_WARN_UNINITIALIZED_AUTOS = YES_AGGRESSIVE;
				GCC_WARN_UNUSED_FUNCTION = YES;
				GCC_WARN_UNUSED_VARIABLE = YES;
				IPHONEOS_DEPLOYMENT_TARGET = 11.2;
				MTL_ENABLE_DEBUG_INFO = YES;
				ONLY_ACTIVE_ARCH = YES;
				SDKROOT = iphoneos;
				SWIFT_ACTIVE_COMPILATION_CONDITIONS = DEBUG;
				SWIFT_OPTIMIZATION_LEVEL = "-Onone";
			};
			name = Debug;
		};
		8FFEBC001FEB95590064DBA8 /* Release */ = {
			isa = XCBuildConfiguration;
			buildSettings = {
				ALWAYS_SEARCH_USER_PATHS = NO;
				CLANG_ANALYZER_NONNULL = YES;
				CLANG_ANALYZER_NUMBER_OBJECT_CONVERSION = YES_AGGRESSIVE;
				CLANG_CXX_LANGUAGE_STANDARD = "gnu++14";
				CLANG_CXX_LIBRARY = "libc++";
				CLANG_ENABLE_MODULES = YES;
				CLANG_ENABLE_OBJC_ARC = YES;
				CLANG_WARN_BLOCK_CAPTURE_AUTORELEASING = YES;
				CLANG_WARN_BOOL_CONVERSION = YES;
				CLANG_WARN_COMMA = YES;
				CLANG_WARN_CONSTANT_CONVERSION = YES;
				CLANG_WARN_DIRECT_OBJC_ISA_USAGE = YES_ERROR;
				CLANG_WARN_DOCUMENTATION_COMMENTS = YES;
				CLANG_WARN_EMPTY_BODY = YES;
				CLANG_WARN_ENUM_CONVERSION = YES;
				CLANG_WARN_INFINITE_RECURSION = YES;
				CLANG_WARN_INT_CONVERSION = YES;
				CLANG_WARN_NON_LITERAL_NULL_CONVERSION = YES;
				CLANG_WARN_OBJC_LITERAL_CONVERSION = YES;
				CLANG_WARN_OBJC_ROOT_CLASS = YES_ERROR;
				CLANG_WARN_RANGE_LOOP_ANALYSIS = YES;
				CLANG_WARN_STRICT_PROTOTYPES = YES;
				CLANG_WARN_SUSPICIOUS_MOVE = YES;
				CLANG_WARN_UNGUARDED_AVAILABILITY = YES_AGGRESSIVE;
				CLANG_WARN_UNREACHABLE_CODE = YES;
				CLANG_WARN__DUPLICATE_METHOD_MATCH = YES;
				CODE_SIGN_IDENTITY = "iPhone Developer";
				COPY_PHASE_STRIP = NO;
				DEBUG_INFORMATION_FORMAT = "dwarf-with-dsym";
				ENABLE_NS_ASSERTIONS = NO;
				ENABLE_STRICT_OBJC_MSGSEND = YES;
				GCC_C_LANGUAGE_STANDARD = gnu11;
				GCC_NO_COMMON_BLOCKS = YES;
				GCC_WARN_64_TO_32_BIT_CONVERSION = YES;
				GCC_WARN_ABOUT_RETURN_TYPE = YES_ERROR;
				GCC_WARN_UNDECLARED_SELECTOR = YES;
				GCC_WARN_UNINITIALIZED_AUTOS = YES_AGGRESSIVE;
				GCC_WARN_UNUSED_FUNCTION = YES;
				GCC_WARN_UNUSED_VARIABLE = YES;
				IPHONEOS_DEPLOYMENT_TARGET = 11.2;
				MTL_ENABLE_DEBUG_INFO = NO;
				SDKROOT = iphoneos;
				SWIFT_OPTIMIZATION_LEVEL = "-Owholemodule";
				VALIDATE_PRODUCT = YES;
			};
			name = Release;
		};
		8FFEBC021FEB95590064DBA8 /* Debug */ = {
			isa = XCBuildConfiguration;
			baseConfigurationReference = 8CC3AFBCEE08B9D8BE09E74D /* Pods-HttpEngine.debug.xcconfig */;
			buildSettings = {
				ASSETCATALOG_COMPILER_APPICON_NAME = AppIcon;
				CODE_SIGN_STYLE = Automatic;
				DEVELOPMENT_TEAM = G2P3FD6TUZ;
				INFOPLIST_FILE = HttpEngine/Info.plist;
				LD_RUNPATH_SEARCH_PATHS = "$(inherited) @executable_path/Frameworks";
				PRODUCT_BUNDLE_IDENTIFIER = com.by.HttpEngine;
				PRODUCT_NAME = "$(TARGET_NAME)";
				SWIFT_VERSION = 4.0;
				TARGETED_DEVICE_FAMILY = "1,2";
			};
			name = Debug;
		};
		8FFEBC031FEB95590064DBA8 /* Release */ = {
			isa = XCBuildConfiguration;
			baseConfigurationReference = 8A0B1F3560FE68CACDD9B9F2 /* Pods-HttpEngine.release.xcconfig */;
			buildSettings = {
				ASSETCATALOG_COMPILER_APPICON_NAME = AppIcon;
				CODE_SIGN_STYLE = Automatic;
				DEVELOPMENT_TEAM = G2P3FD6TUZ;
				INFOPLIST_FILE = HttpEngine/Info.plist;
				LD_RUNPATH_SEARCH_PATHS = "$(inherited) @executable_path/Frameworks";
				PRODUCT_BUNDLE_IDENTIFIER = com.by.HttpEngine;
				PRODUCT_NAME = "$(TARGET_NAME)";
				SWIFT_VERSION = 4.0;
				TARGETED_DEVICE_FAMILY = "1,2";
			};
			name = Release;
		};
		8FFEBC051FEB95590064DBA8 /* Debug */ = {
			isa = XCBuildConfiguration;
			buildSettings = {
				ALWAYS_EMBED_SWIFT_STANDARD_LIBRARIES = YES;
				BUNDLE_LOADER = "$(TEST_HOST)";
				CODE_SIGN_STYLE = Automatic;
				DEVELOPMENT_TEAM = G2P3FD6TUZ;
				INFOPLIST_FILE = HttpEngineTests/Info.plist;
				LD_RUNPATH_SEARCH_PATHS = "$(inherited) @executable_path/Frameworks @loader_path/Frameworks";
				PRODUCT_BUNDLE_IDENTIFIER = com.by.HttpEngineTests;
				PRODUCT_NAME = "$(TARGET_NAME)";
				SWIFT_VERSION = 4.0;
				TARGETED_DEVICE_FAMILY = "1,2";
				TEST_HOST = "$(BUILT_PRODUCTS_DIR)/HttpEngine.app/HttpEngine";
			};
			name = Debug;
		};
		8FFEBC061FEB95590064DBA8 /* Release */ = {
			isa = XCBuildConfiguration;
			buildSettings = {
				ALWAYS_EMBED_SWIFT_STANDARD_LIBRARIES = YES;
				BUNDLE_LOADER = "$(TEST_HOST)";
				CODE_SIGN_STYLE = Automatic;
				DEVELOPMENT_TEAM = G2P3FD6TUZ;
				INFOPLIST_FILE = HttpEngineTests/Info.plist;
				LD_RUNPATH_SEARCH_PATHS = "$(inherited) @executable_path/Frameworks @loader_path/Frameworks";
				PRODUCT_BUNDLE_IDENTIFIER = com.by.HttpEngineTests;
				PRODUCT_NAME = "$(TARGET_NAME)";
				SWIFT_VERSION = 4.0;
				TARGETED_DEVICE_FAMILY = "1,2";
				TEST_HOST = "$(BUILT_PRODUCTS_DIR)/HttpEngine.app/HttpEngine";
			};
			name = Release;
		};
		8FFEBC081FEB95590064DBA8 /* Debug */ = {
			isa = XCBuildConfiguration;
			buildSettings = {
				ALWAYS_EMBED_SWIFT_STANDARD_LIBRARIES = YES;
				CODE_SIGN_STYLE = Automatic;
				DEVELOPMENT_TEAM = G2P3FD6TUZ;
				INFOPLIST_FILE = HttpEngineUITests/Info.plist;
				LD_RUNPATH_SEARCH_PATHS = "$(inherited) @executable_path/Frameworks @loader_path/Frameworks";
				PRODUCT_BUNDLE_IDENTIFIER = com.by.HttpEngineUITests;
				PRODUCT_NAME = "$(TARGET_NAME)";
				SWIFT_VERSION = 4.0;
				TARGETED_DEVICE_FAMILY = "1,2";
				TEST_TARGET_NAME = HttpEngine;
			};
			name = Debug;
		};
		8FFEBC091FEB95590064DBA8 /* Release */ = {
			isa = XCBuildConfiguration;
			buildSettings = {
				ALWAYS_EMBED_SWIFT_STANDARD_LIBRARIES = YES;
				CODE_SIGN_STYLE = Automatic;
				DEVELOPMENT_TEAM = G2P3FD6TUZ;
				INFOPLIST_FILE = HttpEngineUITests/Info.plist;
				LD_RUNPATH_SEARCH_PATHS = "$(inherited) @executable_path/Frameworks @loader_path/Frameworks";
				PRODUCT_BUNDLE_IDENTIFIER = com.by.HttpEngineUITests;
				PRODUCT_NAME = "$(TARGET_NAME)";
				SWIFT_VERSION = 4.0;
				TARGETED_DEVICE_FAMILY = "1,2";
				TEST_TARGET_NAME = HttpEngine;
			};
			name = Release;
		};
/* End XCBuildConfiguration section */

/* Begin XCConfigurationList section */
		8FFEBBD41FEB95580064DBA8 /* Build configuration list for PBXProject "HttpEngine" */ = {
			isa = XCConfigurationList;
			buildConfigurations = (
				8FFEBBFF1FEB95590064DBA8 /* Debug */,
				8FFEBC001FEB95590064DBA8 /* Release */,
			);
			defaultConfigurationIsVisible = 0;
			defaultConfigurationName = Release;
		};
		8FFEBC011FEB95590064DBA8 /* Build configuration list for PBXNativeTarget "HttpEngine" */ = {
			isa = XCConfigurationList;
			buildConfigurations = (
				8FFEBC021FEB95590064DBA8 /* Debug */,
				8FFEBC031FEB95590064DBA8 /* Release */,
			);
			defaultConfigurationIsVisible = 0;
			defaultConfigurationName = Release;
		};
		8FFEBC041FEB95590064DBA8 /* Build configuration list for PBXNativeTarget "HttpEngineTests" */ = {
			isa = XCConfigurationList;
			buildConfigurations = (
				8FFEBC051FEB95590064DBA8 /* Debug */,
				8FFEBC061FEB95590064DBA8 /* Release */,
			);
			defaultConfigurationIsVisible = 0;
			defaultConfigurationName = Release;
		};
		8FFEBC071FEB95590064DBA8 /* Build configuration list for PBXNativeTarget "HttpEngineUITests" */ = {
			isa = XCConfigurationList;
			buildConfigurations = (
				8FFEBC081FEB95590064DBA8 /* Debug */,
				8FFEBC091FEB95590064DBA8 /* Release */,
			);
			defaultConfigurationIsVisible = 0;
			defaultConfigurationName = Release;
		};
/* End XCConfigurationList section */
	};
	rootObject = 8FFEBBD11FEB95580064DBA8 /* Project object */;
}
