PODS:
  - Alamofire (4.6.0)
  - ObjectMapper (3.1.0)

DEPENDENCIES:
  - Alamofire (~> 4.5)
  - ObjectMapper (~> 3.1)

SPEC CHECKSUMS:
  Alamofire: f41a599bd63041760b26d393ec1069d9d7b917f4
  ObjectMapper: 20505058f54e5c3ca69e1d6de9897d152a5369a6

PODFILE CHECKSUM: ccb77206d0f9a086332418a85f3378811e53c7d0

COCOAPODS: 1.4.0.rc.1
